lockfileVersion: '6.0'

settings:
  autoInstallPeers: true
  excludeLinksFromLockfile: false

devDependencies:
  browserslist:
    specifier: 4.23.0
    version: 4.23.0
  caniuse-db:
    specifier: 1.0.30001597
    version: 1.0.30001597
  electron-to-chromium:
    specifier: 1.4.702
    version: 1.4.702
  node-releases:
    specifier: 2.0.14
    version: 2.0.14

packages:

  /browserslist@4.23.0:
    resolution: {integrity: sha512-QW8HiM1shhT2GuzkvklfjcKDiWFXHOeFCIA/huJPwHsslwcydgk7X+z2zXpEijP98UCY7HbubZt5J2Zgvf0CaQ==}
    engines: {node: ^6 || ^7 || ^8 || ^9 || ^10 || ^11 || ^12 || >=13.7}
    hasBin: true
    dependencies:
      caniuse-lite: 1.0.30001597
      electron-to-chromium: 1.4.702
      node-releases: 2.0.14
      update-browserslist-db: 1.0.16(browserslist@4.23.0)
    dev: true

  /caniuse-db@1.0.30001597:
    resolution: {integrity: sha512-iSDUKRsVRcVXFoBeWycN60ax+zYFe72ZswOMJESEOmn78WDfEVyykoP9RgAWBNVnyfCUoCfKYFaQAKXqqR9hnA==}
    dev: true

  /caniuse-lite@1.0.30001597:
    resolution: {integrity: sha512-7LjJvmQU6Sj7bL0j5b5WY/3n7utXUJvAe1lxhsHDbLmwX9mdL86Yjtr+5SRCyf8qME4M7pU2hswj0FpyBVCv9w==}
    dev: true

  /electron-to-chromium@1.4.702:
    resolution: {integrity: sha512-LYLXyEUsZ3nNSwiOWjI88N1PJUAMU2QphQSgGLVkFnb3FxZxNui2Vzi2PaKPgPWbsWbZstZnh6BMf/VQJamjiQ==}
    dev: true

  /escalade@3.1.2:
    resolution: {integrity: sha512-ErCHMCae19vR8vQGe50xIsVomy19rg6gFu3+r3jkEO46suLMWBksvVyoGgQV+jOfl84ZSOSlmv6Gxa89PmTGmA==}
    engines: {node: '>=6'}
    dev: true

  /node-releases@2.0.14:
    resolution: {integrity: sha512-y10wOWt8yZpqXmOgRo77WaHEmhYQYGNA6y421PKsKYWEK8aW+cqAphborZDhqfyKrbZEN92CN1X2KbafY2s7Yw==}
    dev: true

  /picocolors@1.0.1:
    resolution: {integrity: sha512-anP1Z8qwhkbmu7MFP5iTt+wQKXgwzf7zTyGlcdzabySa9vd0Xt392U0rVmz9poOaBj0uHJKyyo9/upk0HrEQew==}
    dev: true

  /update-browserslist-db@1.0.16(browserslist@4.23.0):
    resolution: {integrity: sha512-KVbTxlBYlckhF5wgfyZXTWnMn7MMZjMu9XG8bPlliUOP9ThaF4QnhP8qrjrH7DRzHfSk0oQv1wToW+iA5GajEQ==}
    hasBin: true
    peerDependencies:
      browserslist: '>= 4.21.0'
    dependencies:
      browserslist: 4.23.0
      escalade: 3.1.2
      picocolors: 1.0.1
    dev: true
